// !$*UTF8*$!
{
	archiveVersion = 1;
	classes = {
	};
	objectVersion = 56;
	objects = {

/* Begin PBXBuildFile section */
		9B27AD732B625A7C00EB9F3E /* HomeViewModel.swift in Sources */ = {isa = PBXBuildFile; fileRef = 9B27AD722B625A7C00EB9F3E /* HomeViewModel.swift */; };
		9B51EB962B5FBB51003D087C /* SnowTrip.swift in Sources */ = {isa = PBXBuildFile; fileRef = 9B51EB952B5FBB51003D087C /* SnowTrip.swift */; };
		9B51EB982B5FBB51003D087C /* LoginView.swift in Sources */ = {isa = PBXBuildFile; fileRef = 9B51EB972B5FBB51003D087C /* LoginView.swift */; };
		9B51EB9A2B5FBB53003D087C /* Assets.xcassets in Resources */ = {isa = PBXBuildFile; fileRef = 9B51EB992B5FBB53003D087C /* Assets.xcassets */; };
		9B51EB9D2B5FBB53003D087C /* Preview Assets.xcassets in Resources */ = {isa = PBXBuildFile; fileRef = 9B51EB9C2B5FBB53003D087C /* Preview Assets.xcassets */; };
		9B51EBAD2B5FCA93003D087C /* SnowAnima.swift in Sources */ = {isa = PBXBuildFile; fileRef = 9B51EBAC2B5FCA93003D087C /* SnowAnima.swift */; };
		9B51EBB02B5FCC90003D087C /* FirebaseAnalytics in Frameworks */ = {isa = PBXBuildFile; productRef = 9B51EBAF2B5FCC90003D087C /* FirebaseAnalytics */; };
		9B51EBB22B5FCC90003D087C /* FirebaseAnalyticsOnDeviceConversion in Frameworks */ = {isa = PBXBuildFile; productRef = 9B51EBB12B5FCC90003D087C /* FirebaseAnalyticsOnDeviceConversion */; };
		9B51EBB42B5FCC90003D087C /* FirebaseAnalyticsSwift in Frameworks */ = {isa = PBXBuildFile; productRef = 9B51EBB32B5FCC90003D087C /* FirebaseAnalyticsSwift */; };
		9B51EBB62B5FCC90003D087C /* FirebaseAnalyticsWithoutAdIdSupport in Frameworks */ = {isa = PBXBuildFile; productRef = 9B51EBB52B5FCC90003D087C /* FirebaseAnalyticsWithoutAdIdSupport */; };
		9B51EBB82B5FCC90003D087C /* FirebaseAppCheck in Frameworks */ = {isa = PBXBuildFile; productRef = 9B51EBB72B5FCC90003D087C /* FirebaseAppCheck */; };
		9B51EBBA2B5FCC90003D087C /* FirebaseAppDistribution-Beta in Frameworks */ = {isa = PBXBuildFile; productRef = 9B51EBB92B5FCC90003D087C /* FirebaseAppDistribution-Beta */; };
		9B51EBBC2B5FCC90003D087C /* FirebaseAuth in Frameworks */ = {isa = PBXBuildFile; productRef = 9B51EBBB2B5FCC90003D087C /* FirebaseAuth */; };
		9B51EBBE2B5FCC90003D087C /* FirebaseAuthCombine-Community in Frameworks */ = {isa = PBXBuildFile; productRef = 9B51EBBD2B5FCC90003D087C /* FirebaseAuthCombine-Community */; };
		9B51EBC02B5FCC90003D087C /* FirebaseCrashlytics in Frameworks */ = {isa = PBXBuildFile; productRef = 9B51EBBF2B5FCC90003D087C /* FirebaseCrashlytics */; };
		9B51EBC22B5FCC90003D087C /* FirebaseDatabase in Frameworks */ = {isa = PBXBuildFile; productRef = 9B51EBC12B5FCC90003D087C /* FirebaseDatabase */; };
		9B51EBC42B5FCC90003D087C /* FirebaseDatabaseSwift in Frameworks */ = {isa = PBXBuildFile; productRef = 9B51EBC32B5FCC90003D087C /* FirebaseDatabaseSwift */; };
		9B51EBC62B5FCC90003D087C /* FirebaseDynamicLinks in Frameworks */ = {isa = PBXBuildFile; productRef = 9B51EBC52B5FCC90003D087C /* FirebaseDynamicLinks */; };
		9B51EBC82B5FCC90003D087C /* FirebaseFirestore in Frameworks */ = {isa = PBXBuildFile; productRef = 9B51EBC72B5FCC90003D087C /* FirebaseFirestore */; };
		9B51EBCA2B5FCC90003D087C /* FirebaseFirestoreCombine-Community in Frameworks */ = {isa = PBXBuildFile; productRef = 9B51EBC92B5FCC90003D087C /* FirebaseFirestoreCombine-Community */; };
		9B51EBCC2B5FCC90003D087C /* FirebaseFirestoreSwift in Frameworks */ = {isa = PBXBuildFile; productRef = 9B51EBCB2B5FCC90003D087C /* FirebaseFirestoreSwift */; };
		9B51EBCE2B5FCC90003D087C /* FirebaseFunctions in Frameworks */ = {isa = PBXBuildFile; productRef = 9B51EBCD2B5FCC90003D087C /* FirebaseFunctions */; };
		9B51EBD02B5FCC90003D087C /* FirebaseFunctionsCombine-Community in Frameworks */ = {isa = PBXBuildFile; productRef = 9B51EBCF2B5FCC90003D087C /* FirebaseFunctionsCombine-Community */; };
		9B51EBD22B5FCC90003D087C /* FirebaseInAppMessaging-Beta in Frameworks */ = {isa = PBXBuildFile; productRef = 9B51EBD12B5FCC90003D087C /* FirebaseInAppMessaging-Beta */; };
		9B51EBD42B5FCC90003D087C /* FirebaseInAppMessagingSwift-Beta in Frameworks */ = {isa = PBXBuildFile; productRef = 9B51EBD32B5FCC90003D087C /* FirebaseInAppMessagingSwift-Beta */; };
		9B51EBD62B5FCC90003D087C /* FirebaseInstallations in Frameworks */ = {isa = PBXBuildFile; productRef = 9B51EBD52B5FCC90003D087C /* FirebaseInstallations */; };
		9B51EBD82B5FCC90003D087C /* FirebaseMLModelDownloader in Frameworks */ = {isa = PBXBuildFile; productRef = 9B51EBD72B5FCC90003D087C /* FirebaseMLModelDownloader */; };
		9B51EBDA2B5FCC90003D087C /* FirebaseMessaging in Frameworks */ = {isa = PBXBuildFile; productRef = 9B51EBD92B5FCC90003D087C /* FirebaseMessaging */; };
		9B51EBDC2B5FCC90003D087C /* FirebasePerformance in Frameworks */ = {isa = PBXBuildFile; productRef = 9B51EBDB2B5FCC90003D087C /* FirebasePerformance */; };
		9B51EBDE2B5FCC90003D087C /* FirebaseRemoteConfig in Frameworks */ = {isa = PBXBuildFile; productRef = 9B51EBDD2B5FCC90003D087C /* FirebaseRemoteConfig */; };
		9B51EBE02B5FCC90003D087C /* FirebaseRemoteConfigSwift in Frameworks */ = {isa = PBXBuildFile; productRef = 9B51EBDF2B5FCC90003D087C /* FirebaseRemoteConfigSwift */; };
		9B51EBE22B5FCC90003D087C /* FirebaseStorage in Frameworks */ = {isa = PBXBuildFile; productRef = 9B51EBE12B5FCC90003D087C /* FirebaseStorage */; };
		9B51EBE42B5FCC90003D087C /* FirebaseStorageCombine-Community in Frameworks */ = {isa = PBXBuildFile; productRef = 9B51EBE32B5FCC90003D087C /* FirebaseStorageCombine-Community */; };
		9B51EBE62B603B71003D087C /* GoogleService-Info.plist in Resources */ = {isa = PBXBuildFile; fileRef = 9B51EBE52B603B71003D087C /* GoogleService-Info.plist */; };
		9B51EBE82B603BFB003D087C /* AnmeldenView.swift in Sources */ = {isa = PBXBuildFile; fileRef = 9B51EBE72B603BFB003D087C /* AnmeldenView.swift */; };
		9B51EBEA2B603C10003D087C /* RegistrierenView.swift in Sources */ = {isa = PBXBuildFile; fileRef = 9B51EBE92B603C10003D087C /* RegistrierenView.swift */; };
		9B51EBEC2B60D1B8003D087C /* User.swift in Sources */ = {isa = PBXBuildFile; fileRef = 9B51EBEB2B60D1B8003D087C /* User.swift */; };
		9B51EBEE2B60D1EA003D087C /* UserViewModel.swift in Sources */ = {isa = PBXBuildFile; fileRef = 9B51EBED2B60D1EA003D087C /* UserViewModel.swift */; };
		9B51EBF12B60D252003D087C /* FirebaseManager.swift in Sources */ = {isa = PBXBuildFile; fileRef = 9B51EBF02B60D252003D087C /* FirebaseManager.swift */; };
		9B51EBF82B60D795003D087C /* Home.swift in Sources */ = {isa = PBXBuildFile; fileRef = 9B51EBF72B60D795003D087C /* Home.swift */; };
		9B51EBFD2B60D816003D087C /* Einstellungen.swift in Sources */ = {isa = PBXBuildFile; fileRef = 9B51EBFC2B60D816003D087C /* Einstellungen.swift */; };
		9B51EC022B60DA41003D087C /* Tab.swift in Sources */ = {isa = PBXBuildFile; fileRef = 9B51EC012B60DA41003D087C /* Tab.swift */; };
		9B51EC062B60DBA5003D087C /* Ressortsuche.swift in Sources */ = {isa = PBXBuildFile; fileRef = 9B51EC052B60DBA5003D087C /* Ressortsuche.swift */; };
		9B51EC0A2B60DE9B003D087C /* GespeicherteRessort.swift in Sources */ = {isa = PBXBuildFile; fileRef = 9B51EC092B60DE9B003D087C /* GespeicherteRessort.swift */; };
		9B51EC0E2B60E0B3003D087C /* Header.swift in Sources */ = {isa = PBXBuildFile; fileRef = 9B51EC0D2B60E0B3003D087C /* Header.swift */; };
/* End PBXBuildFile section */

/* Begin PBXFileReference section */
		9B27AD722B625A7C00EB9F3E /* HomeViewModel.swift */ = {isa = PBXFileReference; lastKnownFileType = sourcecode.swift; path = HomeViewModel.swift; sourceTree = "<group>"; };
		9B51EB922B5FBB51003D087C /* SnowTrip.app */ = {isa = PBXFileReference; explicitFileType = wrapper.application; includeInIndex = 0; path = SnowTrip.app; sourceTree = BUILT_PRODUCTS_DIR; };
		9B51EB952B5FBB51003D087C /* SnowTrip.swift */ = {isa = PBXFileReference; lastKnownFileType = sourcecode.swift; path = SnowTrip.swift; sourceTree = "<group>"; };
		9B51EB972B5FBB51003D087C /* LoginView.swift */ = {isa = PBXFileReference; lastKnownFileType = sourcecode.swift; path = LoginView.swift; sourceTree = "<group>"; };
		9B51EB992B5FBB53003D087C /* Assets.xcassets */ = {isa = PBXFileReference; lastKnownFileType = folder.assetcatalog; path = Assets.xcassets; sourceTree = "<group>"; };
		9B51EB9C2B5FBB53003D087C /* Preview Assets.xcassets */ = {isa = PBXFileReference; lastKnownFileType = folder.assetcatalog; path = "Preview Assets.xcassets"; sourceTree = "<group>"; };
		9B51EBAC2B5FCA93003D087C /* SnowAnima.swift */ = {isa = PBXFileReference; lastKnownFileType = sourcecode.swift; path = SnowAnima.swift; sourceTree = "<group>"; };
		9B51EBE52B603B71003D087C /* GoogleService-Info.plist */ = {isa = PBXFileReference; fileEncoding = 4; lastKnownFileType = text.plist.xml; path = "GoogleService-Info.plist"; sourceTree = "<group>"; };
		9B51EBE72B603BFB003D087C /* AnmeldenView.swift */ = {isa = PBXFileReference; lastKnownFileType = sourcecode.swift; path = AnmeldenView.swift; sourceTree = "<group>"; };
		9B51EBE92B603C10003D087C /* RegistrierenView.swift */ = {isa = PBXFileReference; lastKnownFileType = sourcecode.swift; path = RegistrierenView.swift; sourceTree = "<group>"; };
		9B51EBEB2B60D1B8003D087C /* User.swift */ = {isa = PBXFileReference; lastKnownFileType = sourcecode.swift; path = User.swift; sourceTree = "<group>"; };
		9B51EBED2B60D1EA003D087C /* UserViewModel.swift */ = {isa = PBXFileReference; lastKnownFileType = sourcecode.swift; path = UserViewModel.swift; sourceTree = "<group>"; };
		9B51EBF02B60D252003D087C /* FirebaseManager.swift */ = {isa = PBXFileReference; lastKnownFileType = sourcecode.swift; path = FirebaseManager.swift; sourceTree = "<group>"; };
		9B51EBF72B60D795003D087C /* Home.swift */ = {isa = PBXFileReference; lastKnownFileType = sourcecode.swift; path = Home.swift; sourceTree = "<group>"; };
		9B51EBFC2B60D816003D087C /* Einstellungen.swift */ = {isa = PBXFileReference; lastKnownFileType = sourcecode.swift; path = Einstellungen.swift; sourceTree = "<group>"; };
		9B51EC012B60DA41003D087C /* Tab.swift */ = {isa = PBXFileReference; lastKnownFileType = sourcecode.swift; path = Tab.swift; sourceTree = "<group>"; };
		9B51EC052B60DBA5003D087C /* Ressortsuche.swift */ = {isa = PBXFileReference; lastKnownFileType = sourcecode.swift; path = Ressortsuche.swift; sourceTree = "<group>"; };
		9B51EC092B60DE9B003D087C /* GespeicherteRessort.swift */ = {isa = PBXFileReference; lastKnownFileType = sourcecode.swift; path = GespeicherteRessort.swift; sourceTree = "<group>"; };
		9B51EC0D2B60E0B3003D087C /* Header.swift */ = {isa = PBXFileReference; lastKnownFileType = sourcecode.swift; path = Header.swift; sourceTree = "<group>"; };
/* End PBXFileReference section */

/* Begin PBXFrameworksBuildPhase section */
		9B51EB8F2B5FBB51003D087C /* Frameworks */ = {
			isa = PBXFrameworksBuildPhase;
			buildActionMask = 2147483647;
			files = (
				9B51EBC22B5FCC90003D087C /* FirebaseDatabase in Frameworks */,
				9B51EBD02B5FCC90003D087C /* FirebaseFunctionsCombine-Community in Frameworks */,
				9B51EBC82B5FCC90003D087C /* FirebaseFirestore in Frameworks */,
				9B51EBB42B5FCC90003D087C /* FirebaseAnalyticsSwift in Frameworks */,
				9B51EBB02B5FCC90003D087C /* FirebaseAnalytics in Frameworks */,
				9B51EBB22B5FCC90003D087C /* FirebaseAnalyticsOnDeviceConversion in Frameworks */,
				9B51EBD82B5FCC90003D087C /* FirebaseMLModelDownloader in Frameworks */,
				9B51EBCC2B5FCC90003D087C /* FirebaseFirestoreSwift in Frameworks */,
				9B51EBB82B5FCC90003D087C /* FirebaseAppCheck in Frameworks */,
				9B51EBB62B5FCC90003D087C /* FirebaseAnalyticsWithoutAdIdSupport in Frameworks */,
				9B51EBBC2B5FCC90003D087C /* FirebaseAuth in Frameworks */,
				9B51EBC02B5FCC90003D087C /* FirebaseCrashlytics in Frameworks */,
				9B51EBE02B5FCC90003D087C /* FirebaseRemoteConfigSwift in Frameworks */,
				9B51EBD22B5FCC90003D087C /* FirebaseInAppMessaging-Beta in Frameworks */,
				9B51EBC42B5FCC90003D087C /* FirebaseDatabaseSwift in Frameworks */,
				9B51EBCE2B5FCC90003D087C /* FirebaseFunctions in Frameworks */,
				9B51EBE42B5FCC90003D087C /* FirebaseStorageCombine-Community in Frameworks */,
				9B51EBDE2B5FCC90003D087C /* FirebaseRemoteConfig in Frameworks */,
				9B51EBBA2B5FCC90003D087C /* FirebaseAppDistribution-Beta in Frameworks */,
				9B51EBBE2B5FCC90003D087C /* FirebaseAuthCombine-Community in Frameworks */,
				9B51EBDC2B5FCC90003D087C /* FirebasePerformance in Frameworks */,
				9B51EBD42B5FCC90003D087C /* FirebaseInAppMessagingSwift-Beta in Frameworks */,
				9B51EBE22B5FCC90003D087C /* FirebaseStorage in Frameworks */,
				9B51EBC62B5FCC90003D087C /* FirebaseDynamicLinks in Frameworks */,
				9B51EBCA2B5FCC90003D087C /* FirebaseFirestoreCombine-Community in Frameworks */,
				9B51EBDA2B5FCC90003D087C /* FirebaseMessaging in Frameworks */,
				9B51EBD62B5FCC90003D087C /* FirebaseInstallations in Frameworks */,
			);
			runOnlyForDeploymentPostprocessing = 0;
		};
/* End PBXFrameworksBuildPhase section */

/* Begin PBXGroup section */
		9B51EB892B5FBB51003D087C = {
			isa = PBXGroup;
			children = (
				9B51EB942B5FBB51003D087C /* SnowTrip */,
				9B51EB932B5FBB51003D087C /* Products */,
			);
			sourceTree = "<group>";
		};
		9B51EB932B5FBB51003D087C /* Products */ = {
			isa = PBXGroup;
			children = (
				9B51EB922B5FBB51003D087C /* SnowTrip.app */,
			);
			name = Products;
			sourceTree = "<group>";
		};
		9B51EB942B5FBB51003D087C /* SnowTrip */ = {
			isa = PBXGroup;
			children = (
				9B51EC0F2B60E2C1003D087C /* Util */,
				9B51EBE52B603B71003D087C /* GoogleService-Info.plist */,
				9B51EBA82B5FCA29003D087C /* Common */,
				9B51EBA32B5FBB5E003D087C /* Features */,
				9B51EB952B5FBB51003D087C /* SnowTrip.swift */,
				9B51EB992B5FBB53003D087C /* Assets.xcassets */,
				9B51EB9B2B5FBB53003D087C /* Preview Content */,
			);
			path = SnowTrip;
			sourceTree = "<group>";
		};
		9B51EB9B2B5FBB53003D087C /* Preview Content */ = {
			isa = PBXGroup;
			children = (
				9B51EB9C2B5FBB53003D087C /* Preview Assets.xcassets */,
			);
			path = "Preview Content";
			sourceTree = "<group>";
		};
		9B51EBA32B5FBB5E003D087C /* Features */ = {
			isa = PBXGroup;
			children = (
				9B51EBA42B5FBB8F003D087C /* Login */,
				9B51EBFE2B60DA13003D087C /* Tab */,
				9B51EBF22B60D756003D087C /* Home */,
				9B51EC032B60DB8A003D087C /* Ressortsuche */,
				9B51EC072B60DE6E003D087C /* GespeicherteRessort */,
				9B51EBF92B60D7ED003D087C /* Einstellungen */,
			);
			path = Features;
			sourceTree = "<group>";
		};
		9B51EBA42B5FBB8F003D087C /* Login */ = {
			isa = PBXGroup;
			children = (
				9B51EBA72B5FBBA8003D087C /* Viewmodel */,
				9B51EBA62B5FBBA3003D087C /* Model */,
				9B51EBA52B5FBB9E003D087C /* Views */,
			);
			path = Login;
			sourceTree = "<group>";
		};
		9B51EBA52B5FBB9E003D087C /* Views */ = {
			isa = PBXGroup;
			children = (
				9B51EB972B5FBB51003D087C /* LoginView.swift */,
				9B51EBE72B603BFB003D087C /* AnmeldenView.swift */,
				9B51EBE92B603C10003D087C /* RegistrierenView.swift */,
			);
			path = Views;
			sourceTree = "<group>";
		};
		9B51EBA62B5FBBA3003D087C /* Model */ = {
			isa = PBXGroup;
			children = (
				9B51EBEB2B60D1B8003D087C /* User.swift */,
			);
			path = Model;
			sourceTree = "<group>";
		};
		9B51EBA72B5FBBA8003D087C /* Viewmodel */ = {
			isa = PBXGroup;
			children = (
				9B51EBED2B60D1EA003D087C /* UserViewModel.swift */,
			);
			path = Viewmodel;
			sourceTree = "<group>";
		};
		9B51EBA82B5FCA29003D087C /* Common */ = {
			isa = PBXGroup;
			children = (
				9B51EBF62B60D77D003D087C /* ViewModel */,
				9B51EBEF2B60D243003D087C /* Manager */,
				9B51EBA92B5FCA38003D087C /* Views */,
			);
			path = Common;
			sourceTree = "<group>";
		};
		9B51EBA92B5FCA38003D087C /* Views */ = {
			isa = PBXGroup;
			children = (
				9B51EBAC2B5FCA93003D087C /* SnowAnima.swift */,
			);
			path = Views;
			sourceTree = "<group>";
		};
		9B51EBEF2B60D243003D087C /* Manager */ = {
			isa = PBXGroup;
			children = (
				9B51EBF02B60D252003D087C /* FirebaseManager.swift */,
			);
			path = Manager;
			sourceTree = "<group>";
		};
		9B51EBF22B60D756003D087C /* Home */ = {
			isa = PBXGroup;
			children = (
				9B51EC0B2B60E099003D087C /* Components */,
				9B51EBF32B60D761003D087C /* ViewModel */,
				9B51EBF42B60D767003D087C /* Model */,
				9B51EBF52B60D76D003D087C /* Views */,
			);
			path = Home;
			sourceTree = "<group>";
		};
		9B51EBF32B60D761003D087C /* ViewModel */ = {
			isa = PBXGroup;
			children = (
				9B27AD722B625A7C00EB9F3E /* HomeViewModel.swift */,
			);
			path = ViewModel;
			sourceTree = "<group>";
		};
		9B51EBF42B60D767003D087C /* Model */ = {
			isa = PBXGroup;
			children = (
			);
			path = Model;
			sourceTree = "<group>";
		};
		9B51EBF52B60D76D003D087C /* Views */ = {
			isa = PBXGroup;
			children = (
				9B51EBF72B60D795003D087C /* Home.swift */,
			);
			path = Views;
			sourceTree = "<group>";
		};
		9B51EBF62B60D77D003D087C /* ViewModel */ = {
			isa = PBXGroup;
			children = (
			);
			path = ViewModel;
			sourceTree = "<group>";
		};
		9B51EBF92B60D7ED003D087C /* Einstellungen */ = {
			isa = PBXGroup;
			children = (
				9B51EBFB2B60D803003D087C /* Viewmodel */,
				9B51EBFA2B60D7F9003D087C /* Views */,
			);
			path = Einstellungen;
			sourceTree = "<group>";
		};
		9B51EBFA2B60D7F9003D087C /* Views */ = {
			isa = PBXGroup;
			children = (
				9B51EBFC2B60D816003D087C /* Einstellungen.swift */,
			);
			path = Views;
			sourceTree = "<group>";
		};
		9B51EBFB2B60D803003D087C /* Viewmodel */ = {
			isa = PBXGroup;
			children = (
			);
			path = Viewmodel;
			sourceTree = "<group>";
		};
		9B51EBFE2B60DA13003D087C /* Tab */ = {
			isa = PBXGroup;
			children = (
				9B51EC002B60DA33003D087C /* Views */,
			);
			path = Tab;
			sourceTree = "<group>";
		};
		9B51EC002B60DA33003D087C /* Views */ = {
			isa = PBXGroup;
			children = (
				9B51EC012B60DA41003D087C /* Tab.swift */,
			);
			path = Views;
			sourceTree = "<group>";
		};
		9B51EC032B60DB8A003D087C /* Ressortsuche */ = {
			isa = PBXGroup;
			children = (
				9B51EC042B60DB99003D087C /* Views */,
			);
			path = Ressortsuche;
			sourceTree = "<group>";
		};
		9B51EC042B60DB99003D087C /* Views */ = {
			isa = PBXGroup;
			children = (
				9B51EC052B60DBA5003D087C /* Ressortsuche.swift */,
			);
			path = Views;
			sourceTree = "<group>";
		};
		9B51EC072B60DE6E003D087C /* GespeicherteRessort */ = {
			isa = PBXGroup;
			children = (
				9B51EC082B60DE8C003D087C /* Views */,
			);
			path = GespeicherteRessort;
			sourceTree = "<group>";
		};
		9B51EC082B60DE8C003D087C /* Views */ = {
			isa = PBXGroup;
			children = (
				9B51EC092B60DE9B003D087C /* GespeicherteRessort.swift */,
			);
			path = Views;
			sourceTree = "<group>";
		};
		9B51EC0B2B60E099003D087C /* Components */ = {
			isa = PBXGroup;
			children = (
				9B51EC0C2B60E0A5003D087C /* Views */,
			);
			path = Components;
			sourceTree = "<group>";
		};
		9B51EC0C2B60E0A5003D087C /* Views */ = {
			isa = PBXGroup;
			children = (
				9B51EC0D2B60E0B3003D087C /* Header.swift */,
			);
			path = Views;
			sourceTree = "<group>";
		};
		9B51EC0F2B60E2C1003D087C /* Util */ = {
			isa = PBXGroup;
			children = (
			);
			path = Util;
			sourceTree = "<group>";
		};
/* End PBXGroup section */

/* Begin PBXNativeTarget section */
		9B51EB912B5FBB51003D087C /* SnowTrip */ = {
			isa = PBXNativeTarget;
			buildConfigurationList = 9B51EBA02B5FBB53003D087C /* Build configuration list for PBXNativeTarget "SnowTrip" */;
			buildPhases = (
				9B51EB8E2B5FBB51003D087C /* Sources */,
				9B51EB8F2B5FBB51003D087C /* Frameworks */,
				9B51EB902B5FBB51003D087C /* Resources */,
			);
			buildRules = (
			);
			dependencies = (
			);
			name = SnowTrip;
			packageProductDependencies = (
				9B51EBAF2B5FCC90003D087C /* FirebaseAnalytics */,
				9B51EBB12B5FCC90003D087C /* FirebaseAnalyticsOnDeviceConversion */,
				9B51EBB32B5FCC90003D087C /* FirebaseAnalyticsSwift */,
				9B51EBB52B5FCC90003D087C /* FirebaseAnalyticsWithoutAdIdSupport */,
				9B51EBB72B5FCC90003D087C /* FirebaseAppCheck */,
				9B51EBB92B5FCC90003D087C /* FirebaseAppDistribution-Beta */,
				9B51EBBB2B5FCC90003D087C /* FirebaseAuth */,
				9B51EBBD2B5FCC90003D087C /* FirebaseAuthCombine-Community */,
				9B51EBBF2B5FCC90003D087C /* FirebaseCrashlytics */,
				9B51EBC12B5FCC90003D087C /* FirebaseDatabase */,
				9B51EBC32B5FCC90003D087C /* FirebaseDatabaseSwift */,
				9B51EBC52B5FCC90003D087C /* FirebaseDynamicLinks */,
				9B51EBC72B5FCC90003D087C /* FirebaseFirestore */,
				9B51EBC92B5FCC90003D087C /* FirebaseFirestoreCombine-Community */,
				9B51EBCB2B5FCC90003D087C /* FirebaseFirestoreSwift */,
				9B51EBCD2B5FCC90003D087C /* FirebaseFunctions */,
				9B51EBCF2B5FCC90003D087C /* FirebaseFunctionsCombine-Community */,
				9B51EBD12B5FCC90003D087C /* FirebaseInAppMessaging-Beta */,
				9B51EBD32B5FCC90003D087C /* FirebaseInAppMessagingSwift-Beta */,
				9B51EBD52B5FCC90003D087C /* FirebaseInstallations */,
				9B51EBD72B5FCC90003D087C /* FirebaseMLModelDownloader */,
				9B51EBD92B5FCC90003D087C /* FirebaseMessaging */,
				9B51EBDB2B5FCC90003D087C /* FirebasePerformance */,
				9B51EBDD2B5FCC90003D087C /* FirebaseRemoteConfig */,
				9B51EBDF2B5FCC90003D087C /* FirebaseRemoteConfigSwift */,
				9B51EBE12B5FCC90003D087C /* FirebaseStorage */,
				9B51EBE32B5FCC90003D087C /* FirebaseStorageCombine-Community */,
			);
			productName = SnowTrip;
			productReference = 9B51EB922B5FBB51003D087C /* SnowTrip.app */;
			productType = "com.apple.product-type.application";
		};
/* End PBXNativeTarget section */

/* Begin PBXProject section */
		9B51EB8A2B5FBB51003D087C /* Project object */ = {
			isa = PBXProject;
			attributes = {
				BuildIndependentTargetsInParallel = 1;
				LastSwiftUpdateCheck = 1520;
				LastUpgradeCheck = 1520;
				TargetAttributes = {
					9B51EB912B5FBB51003D087C = {
						CreatedOnToolsVersion = 15.2;
					};
				};
			};
			buildConfigurationList = 9B51EB8D2B5FBB51003D087C /* Build configuration list for PBXProject "SnowTrip" */;
			compatibilityVersion = "Xcode 14.0";
			developmentRegion = en;
			hasScannedForEncodings = 0;
			knownRegions = (
				en,
				Base,
			);
			mainGroup = 9B51EB892B5FBB51003D087C;
			packageReferences = (
				9B51EBAE2B5FCC90003D087C /* XCRemoteSwiftPackageReference "firebase-ios-sdk" */,
			);
			productRefGroup = 9B51EB932B5FBB51003D087C /* Products */;
			projectDirPath = "";
			projectRoot = "";
			targets = (
				9B51EB912B5FBB51003D087C /* SnowTrip */,
			);
		};
/* End PBXProject section */

/* Begin PBXResourcesBuildPhase section */
		9B51EB902B5FBB51003D087C /* Resources */ = {
			isa = PBXResourcesBuildPhase;
			buildActionMask = 2147483647;
			files = (
				9B51EB9D2B5FBB53003D087C /* Preview Assets.xcassets in Resources */,
				9B51EBE62B603B71003D087C /* GoogleService-Info.plist in Resources */,
				9B51EB9A2B5FBB53003D087C /* Assets.xcassets in Resources */,
			);
			runOnlyForDeploymentPostprocessing = 0;
		};
/* End PBXResourcesBuildPhase section */

/* Begin PBXSourcesBuildPhase section */
		9B51EB8E2B5FBB51003D087C /* Sources */ = {
			isa = PBXSourcesBuildPhase;
			buildActionMask = 2147483647;
			files = (
				9B51EBE82B603BFB003D087C /* AnmeldenView.swift in Sources */,
				9B51EB982B5FBB51003D087C /* LoginView.swift in Sources */,
				9B51EBEC2B60D1B8003D087C /* User.swift in Sources */,
				9B51EC0A2B60DE9B003D087C /* GespeicherteRessort.swift in Sources */,
				9B51EC062B60DBA5003D087C /* Ressortsuche.swift in Sources */,
				9B51EBEA2B603C10003D087C /* RegistrierenView.swift in Sources */,
				9B51EBF82B60D795003D087C /* Home.swift in Sources */,
				9B51EC022B60DA41003D087C /* Tab.swift in Sources */,
				9B51EBF12B60D252003D087C /* FirebaseManager.swift in Sources */,
				9B51EB962B5FBB51003D087C /* SnowTrip.swift in Sources */,
				9B51EC0E2B60E0B3003D087C /* Header.swift in Sources */,
				9B51EBEE2B60D1EA003D087C /* UserViewModel.swift in Sources */,
				9B51EBAD2B5FCA93003D087C /* SnowAnima.swift in Sources */,
				9B27AD732B625A7C00EB9F3E /* HomeViewModel.swift in Sources */,
				9B51EBFD2B60D816003D087C /* Einstellungen.swift in Sources */,
			);
			runOnlyForDeploymentPostprocessing = 0;
		};
/* End PBXSourcesBuildPhase section */

/* Begin XCBuildConfiguration section */
		9B51EB9E2B5FBB53003D087C /* Debug */ = {
			isa = XCBuildConfiguration;
			buildSettings = {
				ALWAYS_SEARCH_USER_PATHS = NO;
				ASSETCATALOG_COMPILER_GENERATE_SWIFT_ASSET_SYMBOL_EXTENSIONS = YES;
				CLANG_ANALYZER_NONNULL = YES;
				CLANG_ANALYZER_NUMBER_OBJECT_CONVERSION = YES_AGGRESSIVE;
				CLANG_CXX_LANGUAGE_STANDARD = "gnu++20";
				CLANG_ENABLE_MODULES = YES;
				CLANG_ENABLE_OBJC_ARC = YES;
				CLANG_ENABLE_OBJC_WEAK = YES;
				CLANG_WARN_BLOCK_CAPTURE_AUTORELEASING = YES;
				CLANG_WARN_BOOL_CONVERSION = YES;
				CLANG_WARN_COMMA = YES;
				CLANG_WARN_CONSTANT_CONVERSION = YES;
				CLANG_WARN_DEPRECATED_OBJC_IMPLEMENTATIONS = YES;
				CLANG_WARN_DIRECT_OBJC_ISA_USAGE = YES_ERROR;
				CLANG_WARN_DOCUMENTATION_COMMENTS = YES;
				CLANG_WARN_EMPTY_BODY = YES;
				CLANG_WARN_ENUM_CONVERSION = YES;
				CLANG_WARN_INFINITE_RECURSION = YES;
				CLANG_WARN_INT_CONVERSION = YES;
				CLANG_WARN_NON_LITERAL_NULL_CONVERSION = YES;
				CLANG_WARN_OBJC_IMPLICIT_RETAIN_SELF = YES;
				CLANG_WARN_OBJC_LITERAL_CONVERSION = YES;
				CLANG_WARN_OBJC_ROOT_CLASS = YES_ERROR;
				CLANG_WARN_QUOTED_INCLUDE_IN_FRAMEWORK_HEADER = YES;
				CLANG_WARN_RANGE_LOOP_ANALYSIS = YES;
				CLANG_WARN_STRICT_PROTOTYPES = YES;
				CLANG_WARN_SUSPICIOUS_MOVE = YES;
				CLANG_WARN_UNGUARDED_AVAILABILITY = YES_AGGRESSIVE;
				CLANG_WARN_UNREACHABLE_CODE = YES;
				CLANG_WARN__DUPLICATE_METHOD_MATCH = YES;
				COPY_PHASE_STRIP = NO;
				DEBUG_INFORMATION_FORMAT = dwarf;
				ENABLE_STRICT_OBJC_MSGSEND = YES;
				ENABLE_TESTABILITY = YES;
				ENABLE_USER_SCRIPT_SANDBOXING = YES;
				GCC_C_LANGUAGE_STANDARD = gnu17;
				GCC_DYNAMIC_NO_PIC = NO;
				GCC_NO_COMMON_BLOCKS = YES;
				GCC_OPTIMIZATION_LEVEL = 0;
				GCC_PREPROCESSOR_DEFINITIONS = (
					"DEBUG=1",
					"$(inherited)",
				);
				GCC_WARN_64_TO_32_BIT_CONVERSION = YES;
				GCC_WARN_ABOUT_RETURN_TYPE = YES_ERROR;
				GCC_WARN_UNDECLARED_SELECTOR = YES;
				GCC_WARN_UNINITIALIZED_AUTOS = YES_AGGRESSIVE;
				GCC_WARN_UNUSED_FUNCTION = YES;
				GCC_WARN_UNUSED_VARIABLE = YES;
				IPHONEOS_DEPLOYMENT_TARGET = 17.2;
				LOCALIZATION_PREFERS_STRING_CATALOGS = YES;
				MTL_ENABLE_DEBUG_INFO = INCLUDE_SOURCE;
				MTL_FAST_MATH = YES;
				ONLY_ACTIVE_ARCH = YES;
				SDKROOT = iphoneos;
				SWIFT_ACTIVE_COMPILATION_CONDITIONS = "DEBUG $(inherited)";
				SWIFT_OPTIMIZATION_LEVEL = "-Onone";
			};
			name = Debug;
		};
		9B51EB9F2B5FBB53003D087C /* Release */ = {
			isa = XCBuildConfiguration;
			buildSettings = {
				ALWAYS_SEARCH_USER_PATHS = NO;
				ASSETCATALOG_COMPILER_GENERATE_SWIFT_ASSET_SYMBOL_EXTENSIONS = YES;
				CLANG_ANALYZER_NONNULL = YES;
				CLANG_ANALYZER_NUMBER_OBJECT_CONVERSION = YES_AGGRESSIVE;
				CLANG_CXX_LANGUAGE_STANDARD = "gnu++20";
				CLANG_ENABLE_MODULES = YES;
				CLANG_ENABLE_OBJC_ARC = YES;
				CLANG_ENABLE_OBJC_WEAK = YES;
				CLANG_WARN_BLOCK_CAPTURE_AUTORELEASING = YES;
				CLANG_WARN_BOOL_CONVERSION = YES;
				CLANG_WARN_COMMA = YES;
				CLANG_WARN_CONSTANT_CONVERSION = YES;
				CLANG_WARN_DEPRECATED_OBJC_IMPLEMENTATIONS = YES;
				CLANG_WARN_DIRECT_OBJC_ISA_USAGE = YES_ERROR;
				CLANG_WARN_DOCUMENTATION_COMMENTS = YES;
				CLANG_WARN_EMPTY_BODY = YES;
				CLANG_WARN_ENUM_CONVERSION = YES;
				CLANG_WARN_INFINITE_RECURSION = YES;
				CLANG_WARN_INT_CONVERSION = YES;
				CLANG_WARN_NON_LITERAL_NULL_CONVERSION = YES;
				CLANG_WARN_OBJC_IMPLICIT_RETAIN_SELF = YES;
				CLANG_WARN_OBJC_LITERAL_CONVERSION = YES;
				CLANG_WARN_OBJC_ROOT_CLASS = YES_ERROR;
				CLANG_WARN_QUOTED_INCLUDE_IN_FRAMEWORK_HEADER = YES;
				CLANG_WARN_RANGE_LOOP_ANALYSIS = YES;
				CLANG_WARN_STRICT_PROTOTYPES = YES;
				CLANG_WARN_SUSPICIOUS_MOVE = YES;
				CLANG_WARN_UNGUARDED_AVAILABILITY = YES_AGGRESSIVE;
				CLANG_WARN_UNREACHABLE_CODE = YES;
				CLANG_WARN__DUPLICATE_METHOD_MATCH = YES;
				COPY_PHASE_STRIP = NO;
				DEBUG_INFORMATION_FORMAT = "dwarf-with-dsym";
				ENABLE_NS_ASSERTIONS = NO;
				ENABLE_STRICT_OBJC_MSGSEND = YES;
				ENABLE_USER_SCRIPT_SANDBOXING = YES;
				GCC_C_LANGUAGE_STANDARD = gnu17;
				GCC_NO_COMMON_BLOCKS = YES;
				GCC_WARN_64_TO_32_BIT_CONVERSION = YES;
				GCC_WARN_ABOUT_RETURN_TYPE = YES_ERROR;
				GCC_WARN_UNDECLARED_SELECTOR = YES;
				GCC_WARN_UNINITIALIZED_AUTOS = YES_AGGRESSIVE;
				GCC_WARN_UNUSED_FUNCTION = YES;
				GCC_WARN_UNUSED_VARIABLE = YES;
				IPHONEOS_DEPLOYMENT_TARGET = 17.2;
				LOCALIZATION_PREFERS_STRING_CATALOGS = YES;
				MTL_ENABLE_DEBUG_INFO = NO;
				MTL_FAST_MATH = YES;
				SDKROOT = iphoneos;
				SWIFT_COMPILATION_MODE = wholemodule;
				VALIDATE_PRODUCT = YES;
			};
			name = Release;
		};
		9B51EBA12B5FBB53003D087C /* Debug */ = {
			isa = XCBuildConfiguration;
			buildSettings = {
				ASSETCATALOG_COMPILER_APPICON_NAME = AppIcon;
				ASSETCATALOG_COMPILER_GLOBAL_ACCENT_COLOR_NAME = AccentColor;
				ASSETCATALOG_COMPILER_INCLUDE_ALL_APPICON_ASSETS = YES;
				CODE_SIGN_STYLE = Automatic;
				CURRENT_PROJECT_VERSION = 1;
				DEVELOPMENT_ASSET_PATHS = "\"SnowTrip/Preview Content\"";
				ENABLE_PREVIEWS = YES;
				GENERATE_INFOPLIST_FILE = YES;
				INFOPLIST_KEY_LSApplicationCategoryType = "public.app-category.lifestyle";
				INFOPLIST_KEY_UIApplicationSceneManifest_Generation = YES;
				INFOPLIST_KEY_UIApplicationSupportsIndirectInputEvents = YES;
				INFOPLIST_KEY_UILaunchScreen_Generation = YES;
				INFOPLIST_KEY_UISupportedInterfaceOrientations_iPad = "UIInterfaceOrientationPortrait UIInterfaceOrientationPortraitUpsideDown UIInterfaceOrientationLandscapeLeft UIInterfaceOrientationLandscapeRight";
				INFOPLIST_KEY_UISupportedInterfaceOrientations_iPhone = "UIInterfaceOrientationPortrait UIInterfaceOrientationLandscapeLeft UIInterfaceOrientationLandscapeRight";
				LD_RUNPATH_SEARCH_PATHS = (
					"$(inherited)",
					"@executable_path/Frameworks",
				);
				MARKETING_VERSION = 1.0;
				PRODUCT_BUNDLE_IDENTIFIER = com.Max.Brockauf.SnowTrip;
				PRODUCT_NAME = "$(TARGET_NAME)";
				SWIFT_EMIT_LOC_STRINGS = YES;
				SWIFT_VERSION = 5.0;
				TARGETED_DEVICE_FAMILY = "1,2";
			};
			name = Debug;
		};
		9B51EBA22B5FBB53003D087C /* Release */ = {
			isa = XCBuildConfiguration;
			buildSettings = {
				ASSETCATALOG_COMPILER_APPICON_NAME = AppIcon;
				ASSETCATALOG_COMPILER_GLOBAL_ACCENT_COLOR_NAME = AccentColor;
				ASSETCATALOG_COMPILER_INCLUDE_ALL_APPICON_ASSETS = YES;
				CODE_SIGN_STYLE = Automatic;
				CURRENT_PROJECT_VERSION = 1;
				DEVELOPMENT_ASSET_PATHS = "\"SnowTrip/Preview Content\"";
				ENABLE_PREVIEWS = YES;
				GENERATE_INFOPLIST_FILE = YES;
				INFOPLIST_KEY_LSApplicationCategoryType = "public.app-category.lifestyle";
				INFOPLIST_KEY_UIApplicationSceneManifest_Generation = YES;
				INFOPLIST_KEY_UIApplicationSupportsIndirectInputEvents = YES;
				INFOPLIST_KEY_UILaunchScreen_Generation = YES;
				INFOPLIST_KEY_UISupportedInterfaceOrientations_iPad = "UIInterfaceOrientationPortrait UIInterfaceOrientationPortraitUpsideDown UIInterfaceOrientationLandscapeLeft UIInterfaceOrientationLandscapeRight";
				INFOPLIST_KEY_UISupportedInterfaceOrientations_iPhone = "UIInterfaceOrientationPortrait UIInterfaceOrientationLandscapeLeft UIInterfaceOrientationLandscapeRight";
				LD_RUNPATH_SEARCH_PATHS = (
					"$(inherited)",
					"@executable_path/Frameworks",
				);
				MARKETING_VERSION = 1.0;
				PRODUCT_BUNDLE_IDENTIFIER = com.Max.Brockauf.SnowTrip;
				PRODUCT_NAME = "$(TARGET_NAME)";
				SWIFT_EMIT_LOC_STRINGS = YES;
				SWIFT_VERSION = 5.0;
				TARGETED_DEVICE_FAMILY = "1,2";
			};
			name = Release;
		};
/* End XCBuildConfiguration section */

/* Begin XCConfigurationList section */
		9B51EB8D2B5FBB51003D087C /* Build configuration list for PBXProject "SnowTrip" */ = {
			isa = XCConfigurationList;
			buildConfigurations = (
				9B51EB9E2B5FBB53003D087C /* Debug */,
				9B51EB9F2B5FBB53003D087C /* Release */,
			);
			defaultConfigurationIsVisible = 0;
			defaultConfigurationName = Release;
		};
		9B51EBA02B5FBB53003D087C /* Build configuration list for PBXNativeTarget "SnowTrip" */ = {
			isa = XCConfigurationList;
			buildConfigurations = (
				9B51EBA12B5FBB53003D087C /* Debug */,
				9B51EBA22B5FBB53003D087C /* Release */,
			);
			defaultConfigurationIsVisible = 0;
			defaultConfigurationName = Release;
		};
/* End XCConfigurationList section */

/* Begin XCRemoteSwiftPackageReference section */
		9B51EBAE2B5FCC90003D087C /* XCRemoteSwiftPackageReference "firebase-ios-sdk" */ = {
			isa = XCRemoteSwiftPackageReference;
			repositoryURL = "https://github.com/firebase/firebase-ios-sdk";
			requirement = {
				kind = upToNextMajorVersion;
				minimumVersion = 10.20.0;
			};
		};
/* End XCRemoteSwiftPackageReference section */

/* Begin XCSwiftPackageProductDependency section */
		9B51EBAF2B5FCC90003D087C /* FirebaseAnalytics */ = {
			isa = XCSwiftPackageProductDependency;
			package = 9B51EBAE2B5FCC90003D087C /* XCRemoteSwiftPackageReference "firebase-ios-sdk" */;
			productName = FirebaseAnalytics;
		};
		9B51EBB12B5FCC90003D087C /* FirebaseAnalyticsOnDeviceConversion */ = {
			isa = XCSwiftPackageProductDependency;
			package = 9B51EBAE2B5FCC90003D087C /* XCRemoteSwiftPackageReference "firebase-ios-sdk" */;
			productName = FirebaseAnalyticsOnDeviceConversion;
		};
		9B51EBB32B5FCC90003D087C /* FirebaseAnalyticsSwift */ = {
			isa = XCSwiftPackageProductDependency;
			package = 9B51EBAE2B5FCC90003D087C /* XCRemoteSwiftPackageReference "firebase-ios-sdk" */;
			productName = FirebaseAnalyticsSwift;
		};
		9B51EBB52B5FCC90003D087C /* FirebaseAnalyticsWithoutAdIdSupport */ = {
			isa = XCSwiftPackageProductDependency;
			package = 9B51EBAE2B5FCC90003D087C /* XCRemoteSwiftPackageReference "firebase-ios-sdk" */;
			productName = FirebaseAnalyticsWithoutAdIdSupport;
		};
		9B51EBB72B5FCC90003D087C /* FirebaseAppCheck */ = {
			isa = XCSwiftPackageProductDependency;
			package = 9B51EBAE2B5FCC90003D087C /* XCRemoteSwiftPackageReference "firebase-ios-sdk" */;
			productName = FirebaseAppCheck;
		};
		9B51EBB92B5FCC90003D087C /* FirebaseAppDistribution-Beta */ = {
			isa = XCSwiftPackageProductDependency;
			package = 9B51EBAE2B5FCC90003D087C /* XCRemoteSwiftPackageReference "firebase-ios-sdk" */;
			productName = "FirebaseAppDistribution-Beta";
		};
		9B51EBBB2B5FCC90003D087C /* FirebaseAuth */ = {
			isa = XCSwiftPackageProductDependency;
			package = 9B51EBAE2B5FCC90003D087C /* XCRemoteSwiftPackageReference "firebase-ios-sdk" */;
			productName = FirebaseAuth;
		};
		9B51EBBD2B5FCC90003D087C /* FirebaseAuthCombine-Community */ = {
			isa = XCSwiftPackageProductDependency;
			package = 9B51EBAE2B5FCC90003D087C /* XCRemoteSwiftPackageReference "firebase-ios-sdk" */;
			productName = "FirebaseAuthCombine-Community";
		};
		9B51EBBF2B5FCC90003D087C /* FirebaseCrashlytics */ = {
			isa = XCSwiftPackageProductDependency;
			package = 9B51EBAE2B5FCC90003D087C /* XCRemoteSwiftPackageReference "firebase-ios-sdk" */;
			productName = FirebaseCrashlytics;
		};
		9B51EBC12B5FCC90003D087C /* FirebaseDatabase */ = {
			isa = XCSwiftPackageProductDependency;
			package = 9B51EBAE2B5FCC90003D087C /* XCRemoteSwiftPackageReference "firebase-ios-sdk" */;
			productName = FirebaseDatabase;
		};
		9B51EBC32B5FCC90003D087C /* FirebaseDatabaseSwift */ = {
			isa = XCSwiftPackageProductDependency;
			package = 9B51EBAE2B5FCC90003D087C /* XCRemoteSwiftPackageReference "firebase-ios-sdk" */;
			productName = FirebaseDatabaseSwift;
		};
		9B51EBC52B5FCC90003D087C /* FirebaseDynamicLinks */ = {
			isa = XCSwiftPackageProductDependency;
			package = 9B51EBAE2B5FCC90003D087C /* XCRemoteSwiftPackageReference "firebase-ios-sdk" */;
			productName = FirebaseDynamicLinks;
		};
		9B51EBC72B5FCC90003D087C /* FirebaseFirestore */ = {
			isa = XCSwiftPackageProductDependency;
			package = 9B51EBAE2B5FCC90003D087C /* XCRemoteSwiftPackageReference "firebase-ios-sdk" */;
			productName = FirebaseFirestore;
		};
		9B51EBC92B5FCC90003D087C /* FirebaseFirestoreCombine-Community */ = {
			isa = XCSwiftPackageProductDependency;
			package = 9B51EBAE2B5FCC90003D087C /* XCRemoteSwiftPackageReference "firebase-ios-sdk" */;
			productName = "FirebaseFirestoreCombine-Community";
		};
		9B51EBCB2B5FCC90003D087C /* FirebaseFirestoreSwift */ = {
			isa = XCSwiftPackageProductDependency;
			package = 9B51EBAE2B5FCC90003D087C /* XCRemoteSwiftPackageReference "firebase-ios-sdk" */;
			productName = FirebaseFirestoreSwift;
		};
		9B51EBCD2B5FCC90003D087C /* FirebaseFunctions */ = {
			isa = XCSwiftPackageProductDependency;
			package = 9B51EBAE2B5FCC90003D087C /* XCRemoteSwiftPackageReference "firebase-ios-sdk" */;
			productName = FirebaseFunctions;
		};
		9B51EBCF2B5FCC90003D087C /* FirebaseFunctionsCombine-Community */ = {
			isa = XCSwiftPackageProductDependency;
			package = 9B51EBAE2B5FCC90003D087C /* XCRemoteSwiftPackageReference "firebase-ios-sdk" */;
			productName = "FirebaseFunctionsCombine-Community";
		};
		9B51EBD12B5FCC90003D087C /* FirebaseInAppMessaging-Beta */ = {
			isa = XCSwiftPackageProductDependency;
			package = 9B51EBAE2B5FCC90003D087C /* XCRemoteSwiftPackageReference "firebase-ios-sdk" */;
			productName = "FirebaseInAppMessaging-Beta";
		};
		9B51EBD32B5FCC90003D087C /* FirebaseInAppMessagingSwift-Beta */ = {
			isa = XCSwiftPackageProductDependency;
			package = 9B51EBAE2B5FCC90003D087C /* XCRemoteSwiftPackageReference "firebase-ios-sdk" */;
			productName = "FirebaseInAppMessagingSwift-Beta";
		};
		9B51EBD52B5FCC90003D087C /* FirebaseInstallations */ = {
			isa = XCSwiftPackageProductDependency;
			package = 9B51EBAE2B5FCC90003D087C /* XCRemoteSwiftPackageReference "firebase-ios-sdk" */;
			productName = FirebaseInstallations;
		};
		9B51EBD72B5FCC90003D087C /* FirebaseMLModelDownloader */ = {
			isa = XCSwiftPackageProductDependency;
			package = 9B51EBAE2B5FCC90003D087C /* XCRemoteSwiftPackageReference "firebase-ios-sdk" */;
			productName = FirebaseMLModelDownloader;
		};
		9B51EBD92B5FCC90003D087C /* FirebaseMessaging */ = {
			isa = XCSwiftPackageProductDependency;
			package = 9B51EBAE2B5FCC90003D087C /* XCRemoteSwiftPackageReference "firebase-ios-sdk" */;
			productName = FirebaseMessaging;
		};
		9B51EBDB2B5FCC90003D087C /* FirebasePerformance */ = {
			isa = XCSwiftPackageProductDependency;
			package = 9B51EBAE2B5FCC90003D087C /* XCRemoteSwiftPackageReference "firebase-ios-sdk" */;
			productName = FirebasePerformance;
		};
		9B51EBDD2B5FCC90003D087C /* FirebaseRemoteConfig */ = {
			isa = XCSwiftPackageProductDependency;
			package = 9B51EBAE2B5FCC90003D087C /* XCRemoteSwiftPackageReference "firebase-ios-sdk" */;
			productName = FirebaseRemoteConfig;
		};
		9B51EBDF2B5FCC90003D087C /* FirebaseRemoteConfigSwift */ = {
			isa = XCSwiftPackageProductDependency;
			package = 9B51EBAE2B5FCC90003D087C /* XCRemoteSwiftPackageReference "firebase-ios-sdk" */;
			productName = FirebaseRemoteConfigSwift;
		};
		9B51EBE12B5FCC90003D087C /* FirebaseStorage */ = {
			isa = XCSwiftPackageProductDependency;
			package = 9B51EBAE2B5FCC90003D087C /* XCRemoteSwiftPackageReference "firebase-ios-sdk" */;
			productName = FirebaseStorage;
		};
		9B51EBE32B5FCC90003D087C /* FirebaseStorageCombine-Community */ = {
			isa = XCSwiftPackageProductDependency;
			package = 9B51EBAE2B5FCC90003D087C /* XCRemoteSwiftPackageReference "firebase-ios-sdk" */;
			productName = "FirebaseStorageCombine-Community";
		};
/* End XCSwiftPackageProductDependency section */
	};
	rootObject = 9B51EB8A2B5FBB51003D087C /* Project object */;
}
